
Microsoft Visual Studio Solution File, Format Version 12.00
# Visual Studio Version 16
VisualStudioVersion = 16.0.809.2
MinimumVisualStudioVersion = 10.0.40219.1
Project("{FAE04EC0-301F-11D3-BF4B-00C04F79EFBC}") = "Lesson03_01", "Lesson03_01\Lesson03_01.csproj", "{9EE2439B-F344-41FD-A07D-7CEBEFB86CED}"
EndProject
Global
	GlobalSection(SolutionConfigurationPlatforms) = preSolution
		Debug|Any CPU = Debug|Any CPU
		Release|Any CPU = Release|Any CPU
	EndGlobalSection
	GlobalSection(ProjectConfigurationPlatforms) = postSolution
		{9EE2439B-F344-41FD-A07D-7CEBEFB86CED}.Debug|Any CPU.ActiveCfg = Debug|Any CPU
		{9EE2439B-F344-41FD-A07D-7CEBEFB86CED}.Debug|Any CPU.Build.0 = Debug|Any CPU
		{9EE2439B-F344-41FD-A07D-7CEBEFB86CED}.Release|Any CPU.ActiveCfg = Release|Any CPU
		{9EE2439B-F344-41FD-A07D-7CEBEFB86CED}.Release|Any CPU.Build.0 = Release|Any CPU
	EndGlobalSection
	GlobalSection(SolutionProperties) = preSolution
		HideSolutionNode = FALSE
	EndGlobalSection
	GlobalSection(ExtensibilityGlobals) = postSolution
		SolutionGuid = {C615119A-97E7-4E62-82C9-C76DE22AF9CA}
	EndGlobalSection
EndGlobal
