
Microsoft Visual Studio Solution File, Format Version 12.00
# Visual Studio Version 16
VisualStudioVersion = 16.0.809.2
MinimumVisualStudioVersion = 10.0.40219.1
Project("{FAE04EC0-301F-11D3-BF4B-00C04F79EFBC}") = "Lesson02_1", "Lesson02_1\Lesson02_1.csproj", "{7CED00CA-DCCC-43B7-923F-6D277827A518}"
EndProject
Global
	GlobalSection(SolutionConfigurationPlatforms) = preSolution
		Debug|Any CPU = Debug|Any CPU
		Release|Any CPU = Release|Any CPU
	EndGlobalSection
	GlobalSection(ProjectConfigurationPlatforms) = postSolution
		{7CED00CA-DCCC-43B7-923F-6D277827A518}.Debug|Any CPU.ActiveCfg = Debug|Any CPU
		{7CED00CA-DCCC-43B7-923F-6D277827A518}.Debug|Any CPU.Build.0 = Debug|Any CPU
		{7CED00CA-DCCC-43B7-923F-6D277827A518}.Release|Any CPU.ActiveCfg = Release|Any CPU
		{7CED00CA-DCCC-43B7-923F-6D277827A518}.Release|Any CPU.Build.0 = Release|Any CPU
	EndGlobalSection
	GlobalSection(SolutionProperties) = preSolution
		HideSolutionNode = FALSE
	EndGlobalSection
	GlobalSection(ExtensibilityGlobals) = postSolution
		SolutionGuid = {B8F33FA7-C980-4186-94EC-43140014621F}
	EndGlobalSection
EndGlobal
