
Microsoft Visual Studio Solution File, Format Version 12.00
# Visual Studio Version 16
VisualStudioVersion = 16.0.809.2
MinimumVisualStudioVersion = 10.0.40219.1
Project("{FAE04EC0-301F-11D3-BF4B-00C04F79EFBC}") = "Lesson03_02", "Lesson03_02\Lesson03_02.csproj", "{1AA87DC1-BF87-4998-B6AD-DE45832C2904}"
EndProject
Global
	GlobalSection(SolutionConfigurationPlatforms) = preSolution
		Debug|Any CPU = Debug|Any CPU
		Release|Any CPU = Release|Any CPU
	EndGlobalSection
	GlobalSection(ProjectConfigurationPlatforms) = postSolution
		{1AA87DC1-BF87-4998-B6AD-DE45832C2904}.Debug|Any CPU.ActiveCfg = Debug|Any CPU
		{1AA87DC1-BF87-4998-B6AD-DE45832C2904}.Debug|Any CPU.Build.0 = Debug|Any CPU
		{1AA87DC1-BF87-4998-B6AD-DE45832C2904}.Release|Any CPU.ActiveCfg = Release|Any CPU
		{1AA87DC1-BF87-4998-B6AD-DE45832C2904}.Release|Any CPU.Build.0 = Release|Any CPU
	EndGlobalSection
	GlobalSection(SolutionProperties) = preSolution
		HideSolutionNode = FALSE
	EndGlobalSection
	GlobalSection(ExtensibilityGlobals) = postSolution
		SolutionGuid = {EE2FEFBC-11B2-46D5-BC05-5316B97B9F9B}
	EndGlobalSection
EndGlobal
